
Microsoft Visual Studio Solution File, Format Version 12.00
# Visual Studio Version 16
VisualStudioVersion = 16.0.810.21
MinimumVisualStudioVersion = 10.0.40219.1
Project("{FAE04EC0-301F-11D3-BF4B-00C04F79EFBC}") = "BowlingLeague", "BowlingLeague\BowlingLeague.csproj", "{17227D54-C8E0-4739-A8E1-B8C8A566D403}"
EndProject
Global
	GlobalSection(SolutionConfigurationPlatforms) = preSolution
		Debug|Any CPU = Debug|Any CPU
		Release|Any CPU = Release|Any CPU
	EndGlobalSection
	GlobalSection(ProjectConfigurationPlatforms) = postSolution
		{17227D54-C8E0-4739-A8E1-B8C8A566D403}.Debug|Any CPU.ActiveCfg = Debug|Any CPU
		{17227D54-C8E0-4739-A8E1-B8C8A566D403}.Debug|Any CPU.Build.0 = Debug|Any CPU
		{17227D54-C8E0-4739-A8E1-B8C8A566D403}.Release|Any CPU.ActiveCfg = Release|Any CPU
		{17227D54-C8E0-4739-A8E1-B8C8A566D403}.Release|Any CPU.Build.0 = Release|Any CPU
	EndGlobalSection
	GlobalSection(SolutionProperties) = preSolution
		HideSolutionNode = FALSE
	EndGlobalSection
	GlobalSection(ExtensibilityGlobals) = postSolution
		SolutionGuid = {081B6A8C-8F82-4DED-8F1C-81076FAA5903}
	EndGlobalSection
EndGlobal
